version: 2.0
shards:
  authentic:
    git: https://github.com/luckyframework/authentic.git
    version: 0.8.2

  avram:
    git: https://github.com/luckyframework/avram.git
    version: 0.23.0

  backtracer:
    git: https://github.com/sija/backtracer.cr.git
    version: 1.2.2

  bindata:
    git: https://github.com/spider-gazelle/bindata.git
    version: 1.11.1

  cadmium_transliterator:
    git: https://github.com/cadmiumcr/transliterator.git
    version: 0.1.0+git.commit.46c4c14594057dbcfaf27e7e7c8c164d3f0ce3f1

  carbon:
    git: https://github.com/luckyframework/carbon.git
    version: 0.2.1

  carbon_sendgrid_adapter:
    git: https://github.com/luckyframework/carbon_sendgrid_adapter.git
    version: 0.2.1

  cry:
    git: https://github.com/luckyframework/cry.git
    version: 0.4.3

  crystar:
    git: https://github.com/naqvis/crystar.git
    version: 0.2.0+git.commit.56db8bb9dfbd5ed6d7908353405a5fae632a6561

  db:
    git: https://github.com/crystal-lang/crystal-db.git
    version: 0.11.0

  dexter:
    git: https://github.com/luckyframework/dexter.git
    version: 0.3.4

  exception_page:
    git: https://github.com/crystal-loot/exception_page.git
    version: 0.2.2

  habitat:
    git: https://github.com/luckyframework/habitat.git
    version: 0.4.7

  json_mapping:
    git: https://github.com/crystal-lang/json_mapping.cr.git
    version: 0.1.1

  jwt:
    git: https://github.com/crystal-community/jwt.git
    version: 1.6.0

  lucky:
    git: https://github.com/luckyframework/lucky.git
    version: 0.30.1

  lucky_cache:
    git: https://github.com/luckyframework/lucky_cache.git
    version: 0.1.1

  lucky_env:
    git: https://github.com/luckyframework/lucky_env.git
    version: 0.1.4

  lucky_flow:
    git: https://github.com/luckyframework/lucky_flow.git
    version: 0.7.3

  lucky_legacy_routing:
    git: https://github.com/matthewmcgarvey/lucky_legacy_routing.git
    version: 0.1.2

  lucky_router:
    git: https://github.com/luckyframework/lucky_router.git
    version: 0.5.1

  lucky_task:
    git: https://github.com/luckyframework/lucky_task.git
    version: 0.1.1

  markd:
    git: https://github.com/icyleaf/markd.git
    version: 0.5.0

  openssl_ext:
    git: https://github.com/spider-gazelle/openssl_ext.git
    version: 2.2.1

  pg:
    git: https://github.com/will/crystal-pg.git
    version: 0.26.0

  pulsar:
    git: https://github.com/luckyframework/pulsar.git
    version: 0.2.3

  selenium:
    git: https://github.com/matthewmcgarvey/selenium.cr.git
    version: 0.9.1

  shell-table:
    git: https://github.com/luckyframework/shell-table.cr.git
    version: 0.9.3

  splay_tree_map:
    git: https://github.com/wyhaines/splay_tree_map.cr.git
    version: 0.2.2

  teeplate:
    git: https://github.com/luckyframework/teeplate.git
    version: 0.8.5

  webdrivers:
    git: https://github.com/matthewmcgarvey/webdrivers.cr.git
    version: 0.4.1

  wordsmith:
    git: https://github.com/luckyframework/wordsmith.git
    version: 0.3.0

  yaml_mapping:
    git: https://github.com/crystal-lang/yaml_mapping.cr.git
    version: 0.1.1

